
Microsoft Visual Studio Solution File, Format Version 12.00
# Visual Studio Version 17
VisualStudioVersion = 17.13.35825.156
MinimumVisualStudioVersion = 10.0.40219.1
Project("{FAE04EC0-301F-11D3-BF4B-00C04F79EFBC}") = "DiffusionPipeInterface", "DiffusionPipeInterface.csproj", "{7D452877-FD59-0423-6F23-5EB8D9C134F7}"
EndProject
Global
	GlobalSection(SolutionConfigurationPlatforms) = preSolution
		Debug|Any CPU = Debug|Any CPU
		Release|Any CPU = Release|Any CPU
	EndGlobalSection
	GlobalSection(ProjectConfigurationPlatforms) = postSolution
		{7D452877-FD59-0423-6F23-5EB8D9C134F7}.Debug|Any CPU.ActiveCfg = Debug|Any CPU
		{7D452877-FD59-0423-6F23-5EB8D9C134F7}.Debug|Any CPU.Build.0 = Debug|Any CPU
		{7D452877-FD59-0423-6F23-5EB8D9C134F7}.Release|Any CPU.ActiveCfg = Release|Any CPU
		{7D452877-FD59-0423-6F23-5EB8D9C134F7}.Release|Any CPU.Build.0 = Release|Any CPU
	EndGlobalSection
	GlobalSection(SolutionProperties) = preSolution
		HideSolutionNode = FALSE
	EndGlobalSection
	GlobalSection(ExtensibilityGlobals) = postSolution
		SolutionGuid = {B00FDA4A-ED28-4697-AF11-02181D4B26B2}
	EndGlobalSection
EndGlobal
